// !$*UTF8*$!
{
	archiveVersion = 1;
	classes = {
	};
	objectVersion = 55;
	objects = {

/* Begin PBXBuildFile section */
		2312EBE7283ECB3400547FC2 /* SubscriptionModel.swift in Sources */ = {isa = PBXBuildFile; fileRef = 2312EBE6283ECB3400547FC2 /* SubscriptionModel.swift */; };
		231C4386283F8B2A00DF27CE /* Launch Screen.storyboard in Resources */ = {isa = PBXBuildFile; fileRef = 231C4385283F8B2A00DF27CE /* Launch Screen.storyboard */; };
		2327CB1C28404DC200E34361 /* caseImg.png in Resources */ = {isa = PBXBuildFile; fileRef = 2327CB1B28404DC200E34361 /* caseImg.png */; };
		238799A7283E5AF00075FFF0 /* CoverImageComp.swift in Sources */ = {isa = PBXBuildFile; fileRef = 238799A6283E5AF00075FFF0 /* CoverImageComp.swift */; };
		23A67028283E6783009B9951 /* Kingfisher in Frameworks */ = {isa = PBXBuildFile; productRef = 23A67027283E6783009B9951 /* Kingfisher */; };
		23A6702A283E6BDF009B9951 /* DetailsPage.swift in Sources */ = {isa = PBXBuildFile; fileRef = 23A67029283E6BDF009B9951 /* DetailsPage.swift */; };
		23A6702C283E6BFD009B9951 /* TabBarNavigator.swift in Sources */ = {isa = PBXBuildFile; fileRef = 23A6702B283E6BFD009B9951 /* TabBarNavigator.swift */; };
		23A6702E283E6F5F009B9951 /* Navigation.swift in Sources */ = {isa = PBXBuildFile; fileRef = 23A6702D283E6F5F009B9951 /* Navigation.swift */; };
		23A67030283E7406009B9951 /* SideMenu.swift in Sources */ = {isa = PBXBuildFile; fileRef = 23A6702F283E7406009B9951 /* SideMenu.swift */; };
		23A67032283E8A72009B9951 /* SubscriptionPage.swift in Sources */ = {isa = PBXBuildFile; fileRef = 23A67031283E8A72009B9951 /* SubscriptionPage.swift */; };
		23A67035283EA11E009B9951 /* SwiftUIPager in Frameworks */ = {isa = PBXBuildFile; productRef = 23A67034283EA11E009B9951 /* SwiftUIPager */; };
		23A67037283EA5DA009B9951 /* ImageComp.swift in Sources */ = {isa = PBXBuildFile; fileRef = 23A67036283EA5DA009B9951 /* ImageComp.swift */; };
		23EA50D7283E49E1008DC259 /* CaseStudyApp.swift in Sources */ = {isa = PBXBuildFile; fileRef = 23EA50D6283E49E1008DC259 /* CaseStudyApp.swift */; };
		23EA50D9283E49E1008DC259 /* ContentView.swift in Sources */ = {isa = PBXBuildFile; fileRef = 23EA50D8283E49E1008DC259 /* ContentView.swift */; };
		23EA50DB283E49E3008DC259 /* Assets.xcassets in Resources */ = {isa = PBXBuildFile; fileRef = 23EA50DA283E49E3008DC259 /* Assets.xcassets */; };
		23EA50DE283E49E3008DC259 /* Preview Assets.xcassets in Resources */ = {isa = PBXBuildFile; fileRef = 23EA50DD283E49E3008DC259 /* Preview Assets.xcassets */; };
		23EA50EA283E4A71008DC259 /* Template.swift in Sources */ = {isa = PBXBuildFile; fileRef = 23EA50E9283E4A71008DC259 /* Template.swift */; };
		23EA50EC283E4C1D008DC259 /* DataViewModel.swift in Sources */ = {isa = PBXBuildFile; fileRef = 23EA50EB283E4C1D008DC259 /* DataViewModel.swift */; };
		23EA50EE283E4D6F008DC259 /* ListingPage.swift in Sources */ = {isa = PBXBuildFile; fileRef = 23EA50ED283E4D6F008DC259 /* ListingPage.swift */; };
/* End PBXBuildFile section */

/* Begin PBXFileReference section */
		2312EBE6283ECB3400547FC2 /* SubscriptionModel.swift */ = {isa = PBXFileReference; lastKnownFileType = sourcecode.swift; path = SubscriptionModel.swift; sourceTree = "<group>"; };
		231C4385283F8B2A00DF27CE /* Launch Screen.storyboard */ = {isa = PBXFileReference; lastKnownFileType = file.storyboard; path = "Launch Screen.storyboard"; sourceTree = "<group>"; };
		2327CB1B28404DC200E34361 /* caseImg.png */ = {isa = PBXFileReference; lastKnownFileType = image.png; path = caseImg.png; sourceTree = "<group>"; };
		2327CB1D28404DD300E34361 /* README.md */ = {isa = PBXFileReference; lastKnownFileType = net.daringfireball.markdown; path = README.md; sourceTree = "<group>"; };
		238799A6283E5AF00075FFF0 /* CoverImageComp.swift */ = {isa = PBXFileReference; lastKnownFileType = sourcecode.swift; path = CoverImageComp.swift; sourceTree = "<group>"; };
		23A67029283E6BDF009B9951 /* DetailsPage.swift */ = {isa = PBXFileReference; lastKnownFileType = sourcecode.swift; path = DetailsPage.swift; sourceTree = "<group>"; };
		23A6702B283E6BFD009B9951 /* TabBarNavigator.swift */ = {isa = PBXFileReference; lastKnownFileType = sourcecode.swift; path = TabBarNavigator.swift; sourceTree = "<group>"; };
		23A6702D283E6F5F009B9951 /* Navigation.swift */ = {isa = PBXFileReference; lastKnownFileType = sourcecode.swift; path = Navigation.swift; sourceTree = "<group>"; };
		23A6702F283E7406009B9951 /* SideMenu.swift */ = {isa = PBXFileReference; lastKnownFileType = sourcecode.swift; path = SideMenu.swift; sourceTree = "<group>"; };
		23A67031283E8A72009B9951 /* SubscriptionPage.swift */ = {isa = PBXFileReference; lastKnownFileType = sourcecode.swift; path = SubscriptionPage.swift; sourceTree = "<group>"; };
		23A67036283EA5DA009B9951 /* ImageComp.swift */ = {isa = PBXFileReference; lastKnownFileType = sourcecode.swift; path = ImageComp.swift; sourceTree = "<group>"; };
		23EA50D3283E49E1008DC259 /* CaseStudy.app */ = {isa = PBXFileReference; explicitFileType = wrapper.application; includeInIndex = 0; path = CaseStudy.app; sourceTree = BUILT_PRODUCTS_DIR; };
		23EA50D6283E49E1008DC259 /* CaseStudyApp.swift */ = {isa = PBXFileReference; lastKnownFileType = sourcecode.swift; path = CaseStudyApp.swift; sourceTree = "<group>"; };
		23EA50D8283E49E1008DC259 /* ContentView.swift */ = {isa = PBXFileReference; lastKnownFileType = sourcecode.swift; path = ContentView.swift; sourceTree = "<group>"; };
		23EA50DA283E49E3008DC259 /* Assets.xcassets */ = {isa = PBXFileReference; lastKnownFileType = folder.assetcatalog; path = Assets.xcassets; sourceTree = "<group>"; };
		23EA50DD283E49E3008DC259 /* Preview Assets.xcassets */ = {isa = PBXFileReference; lastKnownFileType = folder.assetcatalog; path = "Preview Assets.xcassets"; sourceTree = "<group>"; };
		23EA50E9283E4A71008DC259 /* Template.swift */ = {isa = PBXFileReference; lastKnownFileType = sourcecode.swift; path = Template.swift; sourceTree = "<group>"; };
		23EA50EB283E4C1D008DC259 /* DataViewModel.swift */ = {isa = PBXFileReference; lastKnownFileType = sourcecode.swift; path = DataViewModel.swift; sourceTree = "<group>"; };
		23EA50ED283E4D6F008DC259 /* ListingPage.swift */ = {isa = PBXFileReference; lastKnownFileType = sourcecode.swift; path = ListingPage.swift; sourceTree = "<group>"; };
		23EA50EF283E4ECA008DC259 /* Info.plist */ = {isa = PBXFileReference; lastKnownFileType = text.plist; path = Info.plist; sourceTree = "<group>"; };
/* End PBXFileReference section */

/* Begin PBXFrameworksBuildPhase section */
		23EA50D0283E49E1008DC259 /* Frameworks */ = {
			isa = PBXFrameworksBuildPhase;
			buildActionMask = 2147483647;
			files = (
				23A67035283EA11E009B9951 /* SwiftUIPager in Frameworks */,
				23A67028283E6783009B9951 /* Kingfisher in Frameworks */,
			);
			runOnlyForDeploymentPostprocessing = 0;
		};
/* End PBXFrameworksBuildPhase section */

/* Begin PBXGroup section */
		2327CB1A28404DB500E34361 /* images */ = {
			isa = PBXGroup;
			children = (
				2327CB1B28404DC200E34361 /* caseImg.png */,
			);
			path = images;
			sourceTree = "<group>";
		};
		23EA50CA283E49E1008DC259 = {
			isa = PBXGroup;
			children = (
				2327CB1D28404DD300E34361 /* README.md */,
				2327CB1A28404DB500E34361 /* images */,
				23EA50D5283E49E1008DC259 /* CaseStudy */,
				23EA50D4283E49E1008DC259 /* Products */,
			);
			sourceTree = "<group>";
		};
		23EA50D4283E49E1008DC259 /* Products */ = {
			isa = PBXGroup;
			children = (
				23EA50D3283E49E1008DC259 /* CaseStudy.app */,
			);
			name = Products;
			sourceTree = "<group>";
		};
		23EA50D5283E49E1008DC259 /* CaseStudy */ = {
			isa = PBXGroup;
			children = (
				23EA50EF283E4ECA008DC259 /* Info.plist */,
				23EA50E6283E4A17008DC259 /* Model */,
				23EA50E5283E4A12008DC259 /* ViewModel */,
				23EA50E4283E4A0F008DC259 /* View */,
				23EA50D6283E49E1008DC259 /* CaseStudyApp.swift */,
				23EA50D8283E49E1008DC259 /* ContentView.swift */,
				23EA50DA283E49E3008DC259 /* Assets.xcassets */,
				23EA50DC283E49E3008DC259 /* Preview Content */,
			);
			path = CaseStudy;
			sourceTree = "<group>";
		};
		23EA50DC283E49E3008DC259 /* Preview Content */ = {
			isa = PBXGroup;
			children = (
				23EA50DD283E49E3008DC259 /* Preview Assets.xcassets */,
			);
			path = "Preview Content";
			sourceTree = "<group>";
		};
		23EA50E4283E4A0F008DC259 /* View */ = {
			isa = PBXGroup;
			children = (
				23EA50E8283E4A31008DC259 /* Components */,
				23EA50E7283E4A2C008DC259 /* Main */,
			);
			path = View;
			sourceTree = "<group>";
		};
		23EA50E5283E4A12008DC259 /* ViewModel */ = {
			isa = PBXGroup;
			children = (
				23EA50EB283E4C1D008DC259 /* DataViewModel.swift */,
				23A6702D283E6F5F009B9951 /* Navigation.swift */,
			);
			path = ViewModel;
			sourceTree = "<group>";
		};
		23EA50E6283E4A17008DC259 /* Model */ = {
			isa = PBXGroup;
			children = (
				23EA50E9283E4A71008DC259 /* Template.swift */,
				2312EBE6283ECB3400547FC2 /* SubscriptionModel.swift */,
			);
			path = Model;
			sourceTree = "<group>";
		};
		23EA50E7283E4A2C008DC259 /* Main */ = {
			isa = PBXGroup;
			children = (
				23A6702B283E6BFD009B9951 /* TabBarNavigator.swift */,
				23EA50ED283E4D6F008DC259 /* ListingPage.swift */,
				23A67029283E6BDF009B9951 /* DetailsPage.swift */,
				23A67031283E8A72009B9951 /* SubscriptionPage.swift */,
				231C4385283F8B2A00DF27CE /* Launch Screen.storyboard */,
			);
			path = Main;
			sourceTree = "<group>";
		};
		23EA50E8283E4A31008DC259 /* Components */ = {
			isa = PBXGroup;
			children = (
				238799A6283E5AF00075FFF0 /* CoverImageComp.swift */,
				23A6702F283E7406009B9951 /* SideMenu.swift */,
				23A67036283EA5DA009B9951 /* ImageComp.swift */,
			);
			path = Components;
			sourceTree = "<group>";
		};
/* End PBXGroup section */

/* Begin PBXNativeTarget section */
		23EA50D2283E49E1008DC259 /* CaseStudy */ = {
			isa = PBXNativeTarget;
			buildConfigurationList = 23EA50E1283E49E3008DC259 /* Build configuration list for PBXNativeTarget "CaseStudy" */;
			buildPhases = (
				23EA50CF283E49E1008DC259 /* Sources */,
				23EA50D0283E49E1008DC259 /* Frameworks */,
				23EA50D1283E49E1008DC259 /* Resources */,
			);
			buildRules = (
			);
			dependencies = (
			);
			name = CaseStudy;
			packageProductDependencies = (
				23A67027283E6783009B9951 /* Kingfisher */,
				23A67034283EA11E009B9951 /* SwiftUIPager */,
			);
			productName = CaseStudy;
			productReference = 23EA50D3283E49E1008DC259 /* CaseStudy.app */;
			productType = "com.apple.product-type.application";
		};
/* End PBXNativeTarget section */

/* Begin PBXProject section */
		23EA50CB283E49E1008DC259 /* Project object */ = {
			isa = PBXProject;
			attributes = {
				BuildIndependentTargetsInParallel = 1;
				LastSwiftUpdateCheck = 1340;
				LastUpgradeCheck = 1340;
				TargetAttributes = {
					23EA50D2283E49E1008DC259 = {
						CreatedOnToolsVersion = 13.4;
					};
				};
			};
			buildConfigurationList = 23EA50CE283E49E1008DC259 /* Build configuration list for PBXProject "CaseStudy" */;
			compatibilityVersion = "Xcode 13.0";
			developmentRegion = en;
			hasScannedForEncodings = 0;
			knownRegions = (
				en,
				Base,
			);
			mainGroup = 23EA50CA283E49E1008DC259;
			packageReferences = (
				23A67026283E6783009B9951 /* XCRemoteSwiftPackageReference "Kingfisher" */,
				23A67033283EA11E009B9951 /* XCRemoteSwiftPackageReference "SwiftUIPager" */,
			);
			productRefGroup = 23EA50D4283E49E1008DC259 /* Products */;
			projectDirPath = "";
			projectRoot = "";
			targets = (
				23EA50D2283E49E1008DC259 /* CaseStudy */,
			);
		};
/* End PBXProject section */

/* Begin PBXResourcesBuildPhase section */
		23EA50D1283E49E1008DC259 /* Resources */ = {
			isa = PBXResourcesBuildPhase;
			buildActionMask = 2147483647;
			files = (
				231C4386283F8B2A00DF27CE /* Launch Screen.storyboard in Resources */,
				23EA50DE283E49E3008DC259 /* Preview Assets.xcassets in Resources */,
				23EA50DB283E49E3008DC259 /* Assets.xcassets in Resources */,
				2327CB1C28404DC200E34361 /* caseImg.png in Resources */,
			);
			runOnlyForDeploymentPostprocessing = 0;
		};
/* End PBXResourcesBuildPhase section */

/* Begin PBXSourcesBuildPhase section */
		23EA50CF283E49E1008DC259 /* Sources */ = {
			isa = PBXSourcesBuildPhase;
			buildActionMask = 2147483647;
			files = (
				2312EBE7283ECB3400547FC2 /* SubscriptionModel.swift in Sources */,
				23A6702E283E6F5F009B9951 /* Navigation.swift in Sources */,
				23EA50EE283E4D6F008DC259 /* ListingPage.swift in Sources */,
				23EA50EC283E4C1D008DC259 /* DataViewModel.swift in Sources */,
				23EA50EA283E4A71008DC259 /* Template.swift in Sources */,
				23A67037283EA5DA009B9951 /* ImageComp.swift in Sources */,
				23EA50D9283E49E1008DC259 /* ContentView.swift in Sources */,
				23A67032283E8A72009B9951 /* SubscriptionPage.swift in Sources */,
				23A6702A283E6BDF009B9951 /* DetailsPage.swift in Sources */,
				238799A7283E5AF00075FFF0 /* CoverImageComp.swift in Sources */,
				23A67030283E7406009B9951 /* SideMenu.swift in Sources */,
				23EA50D7283E49E1008DC259 /* CaseStudyApp.swift in Sources */,
				23A6702C283E6BFD009B9951 /* TabBarNavigator.swift in Sources */,
			);
			runOnlyForDeploymentPostprocessing = 0;
		};
/* End PBXSourcesBuildPhase section */

/* Begin XCBuildConfiguration section */
		23EA50DF283E49E3008DC259 /* Debug */ = {
			isa = XCBuildConfiguration;
			buildSettings = {
				ALWAYS_SEARCH_USER_PATHS = NO;
				CLANG_ANALYZER_NONNULL = YES;
				CLANG_ANALYZER_NUMBER_OBJECT_CONVERSION = YES_AGGRESSIVE;
				CLANG_CXX_LANGUAGE_STANDARD = "gnu++17";
				CLANG_ENABLE_MODULES = YES;
				CLANG_ENABLE_OBJC_ARC = YES;
				CLANG_ENABLE_OBJC_WEAK = YES;
				CLANG_WARN_BLOCK_CAPTURE_AUTORELEASING = YES;
				CLANG_WARN_BOOL_CONVERSION = YES;
				CLANG_WARN_COMMA = YES;
				CLANG_WARN_CONSTANT_CONVERSION = YES;
				CLANG_WARN_DEPRECATED_OBJC_IMPLEMENTATIONS = YES;
				CLANG_WARN_DIRECT_OBJC_ISA_USAGE = YES_ERROR;
				CLANG_WARN_DOCUMENTATION_COMMENTS = YES;
				CLANG_WARN_EMPTY_BODY = YES;
				CLANG_WARN_ENUM_CONVERSION = YES;
				CLANG_WARN_INFINITE_RECURSION = YES;
				CLANG_WARN_INT_CONVERSION = YES;
				CLANG_WARN_NON_LITERAL_NULL_CONVERSION = YES;
				CLANG_WARN_OBJC_IMPLICIT_RETAIN_SELF = YES;
				CLANG_WARN_OBJC_LITERAL_CONVERSION = YES;
				CLANG_WARN_OBJC_ROOT_CLASS = YES_ERROR;
				CLANG_WARN_QUOTED_INCLUDE_IN_FRAMEWORK_HEADER = YES;
				CLANG_WARN_RANGE_LOOP_ANALYSIS = YES;
				CLANG_WARN_STRICT_PROTOTYPES = YES;
				CLANG_WARN_SUSPICIOUS_MOVE = YES;
				CLANG_WARN_UNGUARDED_AVAILABILITY = YES_AGGRESSIVE;
				CLANG_WARN_UNREACHABLE_CODE = YES;
				CLANG_WARN__DUPLICATE_METHOD_MATCH = YES;
				COPY_PHASE_STRIP = NO;
				DEBUG_INFORMATION_FORMAT = dwarf;
				ENABLE_STRICT_OBJC_MSGSEND = YES;
				ENABLE_TESTABILITY = YES;
				GCC_C_LANGUAGE_STANDARD = gnu11;
				GCC_DYNAMIC_NO_PIC = NO;
				GCC_NO_COMMON_BLOCKS = YES;
				GCC_OPTIMIZATION_LEVEL = 0;
				GCC_PREPROCESSOR_DEFINITIONS = (
					"DEBUG=1",
					"$(inherited)",
				);
				GCC_WARN_64_TO_32_BIT_CONVERSION = YES;
				GCC_WARN_ABOUT_RETURN_TYPE = YES_ERROR;
				GCC_WARN_UNDECLARED_SELECTOR = YES;
				GCC_WARN_UNINITIALIZED_AUTOS = YES_AGGRESSIVE;
				GCC_WARN_UNUSED_FUNCTION = YES;
				GCC_WARN_UNUSED_VARIABLE = YES;
				IPHONEOS_DEPLOYMENT_TARGET = 15.5;
				MTL_ENABLE_DEBUG_INFO = INCLUDE_SOURCE;
				MTL_FAST_MATH = YES;
				ONLY_ACTIVE_ARCH = YES;
				SDKROOT = iphoneos;
				SWIFT_ACTIVE_COMPILATION_CONDITIONS = DEBUG;
				SWIFT_OPTIMIZATION_LEVEL = "-Onone";
			};
			name = Debug;
		};
		23EA50E0283E49E3008DC259 /* Release */ = {
			isa = XCBuildConfiguration;
			buildSettings = {
				ALWAYS_SEARCH_USER_PATHS = NO;
				CLANG_ANALYZER_NONNULL = YES;
				CLANG_ANALYZER_NUMBER_OBJECT_CONVERSION = YES_AGGRESSIVE;
				CLANG_CXX_LANGUAGE_STANDARD = "gnu++17";
				CLANG_ENABLE_MODULES = YES;
				CLANG_ENABLE_OBJC_ARC = YES;
				CLANG_ENABLE_OBJC_WEAK = YES;
				CLANG_WARN_BLOCK_CAPTURE_AUTORELEASING = YES;
				CLANG_WARN_BOOL_CONVERSION = YES;
				CLANG_WARN_COMMA = YES;
				CLANG_WARN_CONSTANT_CONVERSION = YES;
				CLANG_WARN_DEPRECATED_OBJC_IMPLEMENTATIONS = YES;
				CLANG_WARN_DIRECT_OBJC_ISA_USAGE = YES_ERROR;
				CLANG_WARN_DOCUMENTATION_COMMENTS = YES;
				CLANG_WARN_EMPTY_BODY = YES;
				CLANG_WARN_ENUM_CONVERSION = YES;
				CLANG_WARN_INFINITE_RECURSION = YES;
				CLANG_WARN_INT_CONVERSION = YES;
				CLANG_WARN_NON_LITERAL_NULL_CONVERSION = YES;
				CLANG_WARN_OBJC_IMPLICIT_RETAIN_SELF = YES;
				CLANG_WARN_OBJC_LITERAL_CONVERSION = YES;
				CLANG_WARN_OBJC_ROOT_CLASS = YES_ERROR;
				CLANG_WARN_QUOTED_INCLUDE_IN_FRAMEWORK_HEADER = YES;
				CLANG_WARN_RANGE_LOOP_ANALYSIS = YES;
				CLANG_WARN_STRICT_PROTOTYPES = YES;
				CLANG_WARN_SUSPICIOUS_MOVE = YES;
				CLANG_WARN_UNGUARDED_AVAILABILITY = YES_AGGRESSIVE;
				CLANG_WARN_UNREACHABLE_CODE = YES;
				CLANG_WARN__DUPLICATE_METHOD_MATCH = YES;
				COPY_PHASE_STRIP = NO;
				DEBUG_INFORMATION_FORMAT = "dwarf-with-dsym";
				ENABLE_NS_ASSERTIONS = NO;
				ENABLE_STRICT_OBJC_MSGSEND = YES;
				GCC_C_LANGUAGE_STANDARD = gnu11;
				GCC_NO_COMMON_BLOCKS = YES;
				GCC_WARN_64_TO_32_BIT_CONVERSION = YES;
				GCC_WARN_ABOUT_RETURN_TYPE = YES_ERROR;
				GCC_WARN_UNDECLARED_SELECTOR = YES;
				GCC_WARN_UNINITIALIZED_AUTOS = YES_AGGRESSIVE;
				GCC_WARN_UNUSED_FUNCTION = YES;
				GCC_WARN_UNUSED_VARIABLE = YES;
				IPHONEOS_DEPLOYMENT_TARGET = 15.5;
				MTL_ENABLE_DEBUG_INFO = NO;
				MTL_FAST_MATH = YES;
				SDKROOT = iphoneos;
				SWIFT_COMPILATION_MODE = wholemodule;
				SWIFT_OPTIMIZATION_LEVEL = "-O";
				VALIDATE_PRODUCT = YES;
			};
			name = Release;
		};
		23EA50E2283E49E3008DC259 /* Debug */ = {
			isa = XCBuildConfiguration;
			buildSettings = {
				ASSETCATALOG_COMPILER_APPICON_NAME = AppIcon;
				ASSETCATALOG_COMPILER_GLOBAL_ACCENT_COLOR_NAME = AccentColor;
				CODE_SIGN_STYLE = Automatic;
				CURRENT_PROJECT_VERSION = 1;
				DEVELOPMENT_ASSET_PATHS = "\"CaseStudy/Preview Content\"";
				DEVELOPMENT_TEAM = 62693BZN4B;
				ENABLE_PREVIEWS = YES;
				GENERATE_INFOPLIST_FILE = YES;
				INFOPLIST_FILE = CaseStudy/Info.plist;
				INFOPLIST_KEY_UIApplicationSceneManifest_Generation = YES;
				INFOPLIST_KEY_UIApplicationSupportsIndirectInputEvents = YES;
				INFOPLIST_KEY_UILaunchScreen_Generation = YES;
				INFOPLIST_KEY_UILaunchStoryboardName = "Launch Screen";
				INFOPLIST_KEY_UISupportedInterfaceOrientations_iPad = "UIInterfaceOrientationPortrait UIInterfaceOrientationPortraitUpsideDown UIInterfaceOrientationLandscapeLeft UIInterfaceOrientationLandscapeRight";
				INFOPLIST_KEY_UISupportedInterfaceOrientations_iPhone = "UIInterfaceOrientationPortrait UIInterfaceOrientationLandscapeLeft UIInterfaceOrientationLandscapeRight";
				LD_RUNPATH_SEARCH_PATHS = (
					"$(inherited)",
					"@executable_path/Frameworks",
				);
				MARKETING_VERSION = 1.0;
				PRODUCT_BUNDLE_IDENTIFIER = berkaydisli.CaseStudy;
				PRODUCT_NAME = "$(TARGET_NAME)";
				SWIFT_EMIT_LOC_STRINGS = YES;
				SWIFT_VERSION = 5.0;
				TARGETED_DEVICE_FAMILY = "1,2";
			};
			name = Debug;
		};
		23EA50E3283E49E3008DC259 /* Release */ = {
			isa = XCBuildConfiguration;
			buildSettings = {
				ASSETCATALOG_COMPILER_APPICON_NAME = AppIcon;
				ASSETCATALOG_COMPILER_GLOBAL_ACCENT_COLOR_NAME = AccentColor;
				CODE_SIGN_STYLE = Automatic;
				CURRENT_PROJECT_VERSION = 1;
				DEVELOPMENT_ASSET_PATHS = "\"CaseStudy/Preview Content\"";
				DEVELOPMENT_TEAM = 62693BZN4B;
				ENABLE_PREVIEWS = YES;
				GENERATE_INFOPLIST_FILE = YES;
				INFOPLIST_FILE = CaseStudy/Info.plist;
				INFOPLIST_KEY_UIApplicationSceneManifest_Generation = YES;
				INFOPLIST_KEY_UIApplicationSupportsIndirectInputEvents = YES;
				INFOPLIST_KEY_UILaunchScreen_Generation = YES;
				INFOPLIST_KEY_UILaunchStoryboardName = "Launch Screen";
				INFOPLIST_KEY_UISupportedInterfaceOrientations_iPad = "UIInterfaceOrientationPortrait UIInterfaceOrientationPortraitUpsideDown UIInterfaceOrientationLandscapeLeft UIInterfaceOrientationLandscapeRight";
				INFOPLIST_KEY_UISupportedInterfaceOrientations_iPhone = "UIInterfaceOrientationPortrait UIInterfaceOrientationLandscapeLeft UIInterfaceOrientationLandscapeRight";
				LD_RUNPATH_SEARCH_PATHS = (
					"$(inherited)",
					"@executable_path/Frameworks",
				);
				MARKETING_VERSION = 1.0;
				PRODUCT_BUNDLE_IDENTIFIER = berkaydisli.CaseStudy;
				PRODUCT_NAME = "$(TARGET_NAME)";
				SWIFT_EMIT_LOC_STRINGS = YES;
				SWIFT_VERSION = 5.0;
				TARGETED_DEVICE_FAMILY = "1,2";
			};
			name = Release;
		};
/* End XCBuildConfiguration section */

/* Begin XCConfigurationList section */
		23EA50CE283E49E1008DC259 /* Build configuration list for PBXProject "CaseStudy" */ = {
			isa = XCConfigurationList;
			buildConfigurations = (
				23EA50DF283E49E3008DC259 /* Debug */,
				23EA50E0283E49E3008DC259 /* Release */,
			);
			defaultConfigurationIsVisible = 0;
			defaultConfigurationName = Release;
		};
		23EA50E1283E49E3008DC259 /* Build configuration list for PBXNativeTarget "CaseStudy" */ = {
			isa = XCConfigurationList;
			buildConfigurations = (
				23EA50E2283E49E3008DC259 /* Debug */,
				23EA50E3283E49E3008DC259 /* Release */,
			);
			defaultConfigurationIsVisible = 0;
			defaultConfigurationName = Release;
		};
/* End XCConfigurationList section */

/* Begin XCRemoteSwiftPackageReference section */
		23A67026283E6783009B9951 /* XCRemoteSwiftPackageReference "Kingfisher" */ = {
			isa = XCRemoteSwiftPackageReference;
			repositoryURL = "https://github.com/onevcat/Kingfisher.git";
			requirement = {
				kind = upToNextMajorVersion;
				minimumVersion = 7.0.0;
			};
		};
		23A67033283EA11E009B9951 /* XCRemoteSwiftPackageReference "SwiftUIPager" */ = {
			isa = XCRemoteSwiftPackageReference;
			repositoryURL = "https://github.com/fermoya/SwiftUIPager.git";
			requirement = {
				kind = upToNextMajorVersion;
				minimumVersion = 2.0.0;
			};
		};
/* End XCRemoteSwiftPackageReference section */

/* Begin XCSwiftPackageProductDependency section */
		23A67027283E6783009B9951 /* Kingfisher */ = {
			isa = XCSwiftPackageProductDependency;
			package = 23A67026283E6783009B9951 /* XCRemoteSwiftPackageReference "Kingfisher" */;
			productName = Kingfisher;
		};
		23A67034283EA11E009B9951 /* SwiftUIPager */ = {
			isa = XCSwiftPackageProductDependency;
			package = 23A67033283EA11E009B9951 /* XCRemoteSwiftPackageReference "SwiftUIPager" */;
			productName = SwiftUIPager;
		};
/* End XCSwiftPackageProductDependency section */
	};
	rootObject = 23EA50CB283E49E1008DC259 /* Project object */;
}
